<Solution>
  <Folder Name="/src/">
    <Project Path="src/Can.Core.Domain/Can.Core.Domain.csproj" />
    <Project Path="src/Can.Core.Mediator.Abstractions/Can.Core.Mediator.Abstractions.csproj" />
    <Project Path="src/Can.Core.Mediator/Can.Core.Mediator.csproj" />
    <Project Path="src/Can.Core.Mapping/Can.Core.Mapping.csproj" />
    <Project Path="src/Can.Core.Application.Abstractions/Can.Core.Application.Abstractions.csproj" />
    <Project Path="src/Can.Core.Persistence.Abstractions/Can.Core.Persistence.Abstractions.csproj" />
    <Project Path="src/Can.Core.Persistence/Can.Core.Persistence.csproj" />
    <Project Path="src/Can.Core.Application/Can.Core.Application.csproj" />
    <Project Path="src/Can.Core.Security/Can.Core.Security.csproj" />
    <Project Path="src/Can.Core.MultiTenancy/Can.Core.MultiTenancy.csproj" />
    <Project Path="src/Can.Core.Mailing/Can.Core.Mailing.csproj" />
    <Project Path="src/Can.Core.Mailing.MailKit/Can.Core.Mailing.MailKit.csproj" />
    <Project Path="src/Can.Core.Logging.Serilog/Can.Core.Logging.Serilog.csproj" />
    <Project Path="src/Can.Core.WebApi/Can.Core.WebApi.csproj" />
  </Folder>
  <Folder Name="/tests/">
    <Project Path="tests/Can.Core.Domain.Tests/Can.Core.Domain.Tests.csproj" />
    <Project Path="tests/Can.Core.Mediator.Tests/Can.Core.Mediator.Tests.csproj" />
    <Project Path="tests/Can.Core.Mapping.Tests/Can.Core.Mapping.Tests.csproj" />
    <Project Path="tests/Can.Core.Persistence.Tests/Can.Core.Persistence.Tests.csproj" />
    <Project Path="tests/Can.Core.Application.Tests/Can.Core.Application.Tests.csproj" />
    <Project Path="tests/Can.Core.Security.Tests/Can.Core.Security.Tests.csproj" />
    <Project Path="tests/Can.Core.MultiTenancy.Tests/Can.Core.MultiTenancy.Tests.csproj" />
    <Project Path="tests/Can.Core.Mailing.Tests/Can.Core.Mailing.Tests.csproj" />
    <Project Path="tests/Can.Core.Logging.Tests/Can.Core.Logging.Tests.csproj" />
    <Project Path="tests/Can.Core.WebApi.Tests/Can.Core.WebApi.Tests.csproj" />
  </Folder>
  <Folder Name="/Solution Items/">
    <File Path="Directory.Build.props" />
    <File Path="Directory.Packages.props" />
    <File Path="README.md" />
  </Folder>
</Solution>
